PODS:
  - Reveal-SDK (6)
  - SnapKit (3.1.2)
  - SwiftLint (0.16.1)

DEPENDENCIES:
  - Reveal-SDK
  - SnapKit (~> 3.0)
  - SwiftLint (~> 0.16)

SPEC CHECKSUMS:
  Reveal-SDK: 67460e58f93711c7b18631d12c2b5de7740e48b5
  SnapKit: 12b24f569cb7c143acc9c22b9d91b23e7b1c84a2
  SwiftLint: b8b683208cc09640898f16318a7a452274e91f61

PODFILE CHECKSUM: 5731c3a91985e3c015c1e6e5b980a80e469733f1

COCOAPODS: 1.2.0
