PODS:
  - FBSnapshotTestCase (2.1.4):
    - FBSnapshotTestCase/SwiftSupport (= 2.1.4)
  - FBSnapshotTestCase/Core (2.1.4)
  - FBSnapshotTestCase/SwiftSupport (2.1.4):
    - FBSnapshotTestCase/Core
  - Nimble (7.0.1)
  - Nimble-Snapshots (6.2.1):
    - Nimble-Snapshots/Core (= 6.2.1)
  - Nimble-Snapshots/Core (6.2.1):
    - FBSnapshotTestCase (~> 2.0)
    - Nimble (~> 7.0)
  - Quick (1.1.0)
  - Reusable (4.0.0):
    - Reusable/Storyboard (= 4.0.0)
    - Reusable/View (= 4.0.0)
  - Reusable/Storyboard (4.0.0)
  - Reusable/View (4.0.0)
  - Reveal-SDK (8)
  - SnapKit (3.2.0)
  - SwiftLint (0.20.1)
  - SwipeToReveal (1.0.4):
    - SnapKit (~> 3.0)

DEPENDENCIES:
  - FBSnapshotTestCase (from `git@github.com:facebook/ios-snapshot-test-case.git`, commit `d9ec82b`)
  - Nimble (~> 7.0)
  - Nimble-Snapshots (~> 6.2)
  - Quick (~> 1.1)
  - Reusable (~> 4.0)
  - Reveal-SDK
  - SnapKit (~> 3.0)
  - SwiftLint (~> 0.16)
  - SwipeToReveal (from `.`)

EXTERNAL SOURCES:
  FBSnapshotTestCase:
    :commit: d9ec82b
    :git: git@github.com:facebook/ios-snapshot-test-case.git
  SwipeToReveal:
    :path: "."

CHECKOUT OPTIONS:
  FBSnapshotTestCase:
    :commit: d9ec82b
    :git: git@github.com:facebook/ios-snapshot-test-case.git

SPEC CHECKSUMS:
  FBSnapshotTestCase: '094f9f314decbabe373b87cc339bea235a63e07a'
  Nimble: 657d000e11df8aebe27cdaf9d244de7f30ed87f7
  Nimble-Snapshots: 31c8ef7fcebf0e68b4dff83f6e2160813a4a116b
  Quick: dafc587e21eed9f4cab3249b9f9015b0b7a7f71d
  Reusable: 98e5fff1e0e2e00872199699b276dde08ee56c07
  Reveal-SDK: 43be4e662864e937960d0d04d005135e29c4e53b
  SnapKit: 1ca44df72cfa543218d177cb8aab029d10d86ea7
  SwiftLint: f60095dc173a3f3ec505bb34f5229c3dfd779a54
  SwipeToReveal: 363d2a93389dcfe558fb3839fa1a90960c18261f

PODFILE CHECKSUM: b6100151a8e6f5fd5c8819a0245d0902689bafba

COCOAPODS: 1.2.1
