// !$*UTF8*$!
{
	archiveVersion = 1;
	classes = {
	};
	objectVersion = 46;
	objects = {

/* Begin PBXBuildFile section */
		310FC2CA9FD77D1D1EBAC032 /* Pods_SwipeToRevealExampleTests.framework in Frameworks */ = {isa = PBXBuildFile; fileRef = 42DF1915B99875D21FA7B4DA /* Pods_SwipeToRevealExampleTests.framework */; };
		314A558E1E48E1CC00DD410B /* AppDelegate.swift in Sources */ = {isa = PBXBuildFile; fileRef = 314A558D1E48E1CC00DD410B /* AppDelegate.swift */; };
		314A55901E48E1CC00DD410B /* TableViewExampleController.swift in Sources */ = {isa = PBXBuildFile; fileRef = 314A558F1E48E1CC00DD410B /* TableViewExampleController.swift */; };
		314A55951E48E1CC00DD410B /* Assets.xcassets in Resources */ = {isa = PBXBuildFile; fileRef = 314A55941E48E1CC00DD410B /* Assets.xcassets */; };
		314A55981E48E1CC00DD410B /* LaunchScreen.storyboard in Resources */ = {isa = PBXBuildFile; fileRef = 314A55961E48E1CC00DD410B /* LaunchScreen.storyboard */; };
		314A55A31E48E8BA00DD410B /* TableViewExampleCell.swift in Sources */ = {isa = PBXBuildFile; fileRef = 314A55A21E48E8BA00DD410B /* TableViewExampleCell.swift */; };
		314A55A61E48EA8D00DD410B /* SwipeToRevealView.swift in Sources */ = {isa = PBXBuildFile; fileRef = 314A55A51E48EA8D00DD410B /* SwipeToRevealView.swift */; };
		31A076851E57C2FB00D82BD7 /* Container.swift in Sources */ = {isa = PBXBuildFile; fileRef = 31A076841E57C2FB00D82BD7 /* Container.swift */; };
		31A076871E57C31500D82BD7 /* AppDelegateAssembly.swift in Sources */ = {isa = PBXBuildFile; fileRef = 31A076861E57C31500D82BD7 /* AppDelegateAssembly.swift */; };
		31A076891E57C33B00D82BD7 /* Container_AppDelegateAssembly.swift in Sources */ = {isa = PBXBuildFile; fileRef = 31A076881E57C33B00D82BD7 /* Container_AppDelegateAssembly.swift */; };
		31A076911E57C48A00D82BD7 /* SwipeToRevealExampleTests.swift in Sources */ = {isa = PBXBuildFile; fileRef = 31A076901E57C48A00D82BD7 /* SwipeToRevealExampleTests.swift */; };
		31A076981E57C6E100D82BD7 /* AppDelegateSpec.swift in Sources */ = {isa = PBXBuildFile; fileRef = 31A076961E57C67F00D82BD7 /* AppDelegateSpec.swift */; };
		31A076A31E57CD8A00D82BD7 /* WindowSpy.swift in Sources */ = {isa = PBXBuildFile; fileRef = 31A076A11E57CD6900D82BD7 /* WindowSpy.swift */; };
		31A076A81E57CEA400D82BD7 /* TableViewExampleAssembly.swift in Sources */ = {isa = PBXBuildFile; fileRef = 31A076A71E57CEA400D82BD7 /* TableViewExampleAssembly.swift */; };
		31A076AA1E57CEB200D82BD7 /* Container_TableViewExampleAssembly.swift in Sources */ = {isa = PBXBuildFile; fileRef = 31A076A91E57CEB200D82BD7 /* Container_TableViewExampleAssembly.swift */; };
		31A076AD1E57D27700D82BD7 /* MenuAssembly.swift in Sources */ = {isa = PBXBuildFile; fileRef = 31A076AC1E57D27700D82BD7 /* MenuAssembly.swift */; };
		31A076AF1E57D28000D82BD7 /* MenuViewController.swift in Sources */ = {isa = PBXBuildFile; fileRef = 31A076AE1E57D28000D82BD7 /* MenuViewController.swift */; };
		31A076B11E57D29000D82BD7 /* Container_MenuAssembly.swift in Sources */ = {isa = PBXBuildFile; fileRef = 31A076B01E57D29000D82BD7 /* Container_MenuAssembly.swift */; };
		7EA899CDFED923D2FBF21F26 /* Pods_SwipeToRevealExample.framework in Frameworks */ = {isa = PBXBuildFile; fileRef = 53EFD90C736845F0F5D16D61 /* Pods_SwipeToRevealExample.framework */; };
/* End PBXBuildFile section */

/* Begin PBXContainerItemProxy section */
		31A0769F1E57C8D900D82BD7 /* PBXContainerItemProxy */ = {
			isa = PBXContainerItemProxy;
			containerPortal = 314A55821E48E1CC00DD410B /* Project object */;
			proxyType = 1;
			remoteGlobalIDString = 314A55891E48E1CC00DD410B;
			remoteInfo = SwipeToRevealExample;
		};
/* End PBXContainerItemProxy section */

/* Begin PBXFileReference section */
		1EBACFF15A65C0ED772D25B3 /* Pods-SwipeToRevealExample.release.xcconfig */ = {isa = PBXFileReference; includeInIndex = 1; lastKnownFileType = text.xcconfig; name = "Pods-SwipeToRevealExample.release.xcconfig"; path = "Pods/Target Support Files/Pods-SwipeToRevealExample/Pods-SwipeToRevealExample.release.xcconfig"; sourceTree = "<group>"; };
		314A558A1E48E1CC00DD410B /* SwipeToRevealExample.app */ = {isa = PBXFileReference; explicitFileType = wrapper.application; includeInIndex = 0; path = SwipeToRevealExample.app; sourceTree = BUILT_PRODUCTS_DIR; };
		314A558D1E48E1CC00DD410B /* AppDelegate.swift */ = {isa = PBXFileReference; lastKnownFileType = sourcecode.swift; path = AppDelegate.swift; sourceTree = "<group>"; };
		314A558F1E48E1CC00DD410B /* TableViewExampleController.swift */ = {isa = PBXFileReference; lastKnownFileType = sourcecode.swift; path = TableViewExampleController.swift; sourceTree = "<group>"; };
		314A55941E48E1CC00DD410B /* Assets.xcassets */ = {isa = PBXFileReference; lastKnownFileType = folder.assetcatalog; path = Assets.xcassets; sourceTree = "<group>"; };
		314A55971E48E1CC00DD410B /* Base */ = {isa = PBXFileReference; lastKnownFileType = file.storyboard; name = Base; path = Base.lproj/LaunchScreen.storyboard; sourceTree = "<group>"; };
		314A55991E48E1CC00DD410B /* Info.plist */ = {isa = PBXFileReference; lastKnownFileType = text.plist.xml; path = Info.plist; sourceTree = "<group>"; };
		314A55A21E48E8BA00DD410B /* TableViewExampleCell.swift */ = {isa = PBXFileReference; fileEncoding = 4; lastKnownFileType = sourcecode.swift; path = TableViewExampleCell.swift; sourceTree = "<group>"; };
		314A55A51E48EA8D00DD410B /* SwipeToRevealView.swift */ = {isa = PBXFileReference; fileEncoding = 4; lastKnownFileType = sourcecode.swift; path = SwipeToRevealView.swift; sourceTree = "<group>"; };
		31A076841E57C2FB00D82BD7 /* Container.swift */ = {isa = PBXFileReference; fileEncoding = 4; lastKnownFileType = sourcecode.swift; path = Container.swift; sourceTree = "<group>"; };
		31A076861E57C31500D82BD7 /* AppDelegateAssembly.swift */ = {isa = PBXFileReference; fileEncoding = 4; lastKnownFileType = sourcecode.swift; path = AppDelegateAssembly.swift; sourceTree = "<group>"; };
		31A076881E57C33B00D82BD7 /* Container_AppDelegateAssembly.swift */ = {isa = PBXFileReference; fileEncoding = 4; lastKnownFileType = sourcecode.swift; path = Container_AppDelegateAssembly.swift; sourceTree = "<group>"; };
		31A0768E1E57C48A00D82BD7 /* SwipeToRevealExampleTests.xctest */ = {isa = PBXFileReference; explicitFileType = wrapper.cfbundle; includeInIndex = 0; path = SwipeToRevealExampleTests.xctest; sourceTree = BUILT_PRODUCTS_DIR; };
		31A076901E57C48A00D82BD7 /* SwipeToRevealExampleTests.swift */ = {isa = PBXFileReference; lastKnownFileType = sourcecode.swift; path = SwipeToRevealExampleTests.swift; sourceTree = "<group>"; };
		31A076921E57C48A00D82BD7 /* Info.plist */ = {isa = PBXFileReference; lastKnownFileType = text.plist.xml; path = Info.plist; sourceTree = "<group>"; };
		31A076961E57C67F00D82BD7 /* AppDelegateSpec.swift */ = {isa = PBXFileReference; fileEncoding = 4; lastKnownFileType = sourcecode.swift; path = AppDelegateSpec.swift; sourceTree = "<group>"; };
		31A076A11E57CD6900D82BD7 /* WindowSpy.swift */ = {isa = PBXFileReference; fileEncoding = 4; lastKnownFileType = sourcecode.swift; path = WindowSpy.swift; sourceTree = "<group>"; };
		31A076A71E57CEA400D82BD7 /* TableViewExampleAssembly.swift */ = {isa = PBXFileReference; fileEncoding = 4; lastKnownFileType = sourcecode.swift; path = TableViewExampleAssembly.swift; sourceTree = "<group>"; };
		31A076A91E57CEB200D82BD7 /* Container_TableViewExampleAssembly.swift */ = {isa = PBXFileReference; fileEncoding = 4; lastKnownFileType = sourcecode.swift; path = Container_TableViewExampleAssembly.swift; sourceTree = "<group>"; };
		31A076AC1E57D27700D82BD7 /* MenuAssembly.swift */ = {isa = PBXFileReference; fileEncoding = 4; lastKnownFileType = sourcecode.swift; path = MenuAssembly.swift; sourceTree = "<group>"; };
		31A076AE1E57D28000D82BD7 /* MenuViewController.swift */ = {isa = PBXFileReference; fileEncoding = 4; lastKnownFileType = sourcecode.swift; path = MenuViewController.swift; sourceTree = "<group>"; };
		31A076B01E57D29000D82BD7 /* Container_MenuAssembly.swift */ = {isa = PBXFileReference; fileEncoding = 4; lastKnownFileType = sourcecode.swift; path = Container_MenuAssembly.swift; sourceTree = "<group>"; };
		42DF1915B99875D21FA7B4DA /* Pods_SwipeToRevealExampleTests.framework */ = {isa = PBXFileReference; explicitFileType = wrapper.framework; includeInIndex = 0; path = Pods_SwipeToRevealExampleTests.framework; sourceTree = BUILT_PRODUCTS_DIR; };
		53EFD90C736845F0F5D16D61 /* Pods_SwipeToRevealExample.framework */ = {isa = PBXFileReference; explicitFileType = wrapper.framework; includeInIndex = 0; path = Pods_SwipeToRevealExample.framework; sourceTree = BUILT_PRODUCTS_DIR; };
		5B4979947EEC3481468A09BD /* Pods-SwipeToRevealExampleTests.debug.xcconfig */ = {isa = PBXFileReference; includeInIndex = 1; lastKnownFileType = text.xcconfig; name = "Pods-SwipeToRevealExampleTests.debug.xcconfig"; path = "Pods/Target Support Files/Pods-SwipeToRevealExampleTests/Pods-SwipeToRevealExampleTests.debug.xcconfig"; sourceTree = "<group>"; };
		965BBCD85442586E700FFB28 /* Pods-SwipeToRevealExample.debug.xcconfig */ = {isa = PBXFileReference; includeInIndex = 1; lastKnownFileType = text.xcconfig; name = "Pods-SwipeToRevealExample.debug.xcconfig"; path = "Pods/Target Support Files/Pods-SwipeToRevealExample/Pods-SwipeToRevealExample.debug.xcconfig"; sourceTree = "<group>"; };
		F736ACAA48911E20D6BD4B89 /* Pods-SwipeToRevealExampleTests.release.xcconfig */ = {isa = PBXFileReference; includeInIndex = 1; lastKnownFileType = text.xcconfig; name = "Pods-SwipeToRevealExampleTests.release.xcconfig"; path = "Pods/Target Support Files/Pods-SwipeToRevealExampleTests/Pods-SwipeToRevealExampleTests.release.xcconfig"; sourceTree = "<group>"; };
/* End PBXFileReference section */

/* Begin PBXFrameworksBuildPhase section */
		314A55871E48E1CC00DD410B /* Frameworks */ = {
			isa = PBXFrameworksBuildPhase;
			buildActionMask = 2147483647;
			files = (
				7EA899CDFED923D2FBF21F26 /* Pods_SwipeToRevealExample.framework in Frameworks */,
			);
			runOnlyForDeploymentPostprocessing = 0;
		};
		31A0768B1E57C48A00D82BD7 /* Frameworks */ = {
			isa = PBXFrameworksBuildPhase;
			buildActionMask = 2147483647;
			files = (
				310FC2CA9FD77D1D1EBAC032 /* Pods_SwipeToRevealExampleTests.framework in Frameworks */,
			);
			runOnlyForDeploymentPostprocessing = 0;
		};
/* End PBXFrameworksBuildPhase section */

/* Begin PBXGroup section */
		314A55811E48E1CC00DD410B = {
			isa = PBXGroup;
			children = (
				314A558C1E48E1CC00DD410B /* Example */,
				31A0768F1E57C48A00D82BD7 /* ExampleTests */,
				C69363D1A96F41166FC06D26 /* Frameworks */,
				BCB2B849A7B008448623F7A5 /* Pods */,
				314A558B1E48E1CC00DD410B /* Products */,
				314A55A41E48EA7500DD410B /* Source */,
			);
			sourceTree = "<group>";
		};
		314A558B1E48E1CC00DD410B /* Products */ = {
			isa = PBXGroup;
			children = (
				314A558A1E48E1CC00DD410B /* SwipeToRevealExample.app */,
				31A0768E1E57C48A00D82BD7 /* SwipeToRevealExampleTests.xctest */,
			);
			name = Products;
			sourceTree = "<group>";
		};
		314A558C1E48E1CC00DD410B /* Example */ = {
			isa = PBXGroup;
			children = (
				314A559F1E48E36500DD410B /* Application */,
				314A55A01E48E36F00DD410B /* Resources */,
				314A55A11E48E37A00DD410B /* UI */,
			);
			path = Example;
			sourceTree = "<group>";
		};
		314A559F1E48E36500DD410B /* Application */ = {
			isa = PBXGroup;
			children = (
				31A076B21E57D6D000D82BD7 /* Delegate */,
				31A076841E57C2FB00D82BD7 /* Container.swift */,
				314A55991E48E1CC00DD410B /* Info.plist */,
			);
			path = Application;
			sourceTree = "<group>";
		};
		314A55A01E48E36F00DD410B /* Resources */ = {
			isa = PBXGroup;
			children = (
				314A55941E48E1CC00DD410B /* Assets.xcassets */,
			);
			path = Resources;
			sourceTree = "<group>";
		};
		314A55A11E48E37A00DD410B /* UI */ = {
			isa = PBXGroup;
			children = (
				31A076AB1E57D26E00D82BD7 /* Menu */,
				31A076831E57C0F600D82BD7 /* TableViewExample */,
				314A55961E48E1CC00DD410B /* LaunchScreen.storyboard */,
			);
			path = UI;
			sourceTree = "<group>";
		};
		314A55A41E48EA7500DD410B /* Source */ = {
			isa = PBXGroup;
			children = (
				314A55A51E48EA8D00DD410B /* SwipeToRevealView.swift */,
			);
			path = Source;
			sourceTree = "<group>";
		};
		31A076831E57C0F600D82BD7 /* TableViewExample */ = {
			isa = PBXGroup;
			children = (
				31A076A91E57CEB200D82BD7 /* Container_TableViewExampleAssembly.swift */,
				31A076A71E57CEA400D82BD7 /* TableViewExampleAssembly.swift */,
				314A55A21E48E8BA00DD410B /* TableViewExampleCell.swift */,
				314A558F1E48E1CC00DD410B /* TableViewExampleController.swift */,
			);
			path = TableViewExample;
			sourceTree = "<group>";
		};
		31A0768F1E57C48A00D82BD7 /* ExampleTests */ = {
			isa = PBXGroup;
			children = (
				31A076A51E57CDB700D82BD7 /* Application */,
				31A076921E57C48A00D82BD7 /* Info.plist */,
				31A076901E57C48A00D82BD7 /* SwipeToRevealExampleTests.swift */,
			);
			path = ExampleTests;
			sourceTree = "<group>";
		};
		31A076A51E57CDB700D82BD7 /* Application */ = {
			isa = PBXGroup;
			children = (
				31A076961E57C67F00D82BD7 /* AppDelegateSpec.swift */,
				31A076A11E57CD6900D82BD7 /* WindowSpy.swift */,
			);
			path = Application;
			sourceTree = "<group>";
		};
		31A076AB1E57D26E00D82BD7 /* Menu */ = {
			isa = PBXGroup;
			children = (
				31A076B01E57D29000D82BD7 /* Container_MenuAssembly.swift */,
				31A076AC1E57D27700D82BD7 /* MenuAssembly.swift */,
				31A076AE1E57D28000D82BD7 /* MenuViewController.swift */,
			);
			path = Menu;
			sourceTree = "<group>";
		};
		31A076B21E57D6D000D82BD7 /* Delegate */ = {
			isa = PBXGroup;
			children = (
				314A558D1E48E1CC00DD410B /* AppDelegate.swift */,
				31A076861E57C31500D82BD7 /* AppDelegateAssembly.swift */,
				31A076881E57C33B00D82BD7 /* Container_AppDelegateAssembly.swift */,
			);
			name = Delegate;
			path = Delegate;
			sourceTree = "<group>";
		};
		BCB2B849A7B008448623F7A5 /* Pods */ = {
			isa = PBXGroup;
			children = (
				965BBCD85442586E700FFB28 /* Pods-SwipeToRevealExample.debug.xcconfig */,
				1EBACFF15A65C0ED772D25B3 /* Pods-SwipeToRevealExample.release.xcconfig */,
				5B4979947EEC3481468A09BD /* Pods-SwipeToRevealExampleTests.debug.xcconfig */,
				F736ACAA48911E20D6BD4B89 /* Pods-SwipeToRevealExampleTests.release.xcconfig */,
			);
			name = Pods;
			sourceTree = "<group>";
		};
		C69363D1A96F41166FC06D26 /* Frameworks */ = {
			isa = PBXGroup;
			children = (
				53EFD90C736845F0F5D16D61 /* Pods_SwipeToRevealExample.framework */,
				42DF1915B99875D21FA7B4DA /* Pods_SwipeToRevealExampleTests.framework */,
			);
			name = Frameworks;
			sourceTree = "<group>";
		};
/* End PBXGroup section */

/* Begin PBXNativeTarget section */
		314A55891E48E1CC00DD410B /* SwipeToRevealExample */ = {
			isa = PBXNativeTarget;
			buildConfigurationList = 314A559C1E48E1CC00DD410B /* Build configuration list for PBXNativeTarget "SwipeToRevealExample" */;
			buildPhases = (
				AA4CD1C2AB847AF1BB96EF69 /* [CP] Check Pods Manifest.lock */,
				318C5D7F1E49258900F41A97 /* SwiftLint */,
				314A55861E48E1CC00DD410B /* Sources */,
				314A55871E48E1CC00DD410B /* Frameworks */,
				314A55881E48E1CC00DD410B /* Resources */,
				C262E636F62C6644F88B968D /* [CP] Embed Pods Frameworks */,
				0F88EC1106ADB641B578B551 /* [CP] Copy Pods Resources */,
			);
			buildRules = (
			);
			dependencies = (
			);
			name = SwipeToRevealExample;
			productName = SwipeToReveal;
			productReference = 314A558A1E48E1CC00DD410B /* SwipeToRevealExample.app */;
			productType = "com.apple.product-type.application";
		};
		31A0768D1E57C48A00D82BD7 /* SwipeToRevealExampleTests */ = {
			isa = PBXNativeTarget;
			buildConfigurationList = 31A076931E57C48A00D82BD7 /* Build configuration list for PBXNativeTarget "SwipeToRevealExampleTests" */;
			buildPhases = (
				99A4A0FB20A5163EC2AC6A82 /* [CP] Check Pods Manifest.lock */,
				31A0768A1E57C48A00D82BD7 /* Sources */,
				31A0768B1E57C48A00D82BD7 /* Frameworks */,
				31A0768C1E57C48A00D82BD7 /* Resources */,
				2C205B5580F89473F535612E /* [CP] Embed Pods Frameworks */,
				EF924DFD64A744014DBA68DD /* [CP] Copy Pods Resources */,
			);
			buildRules = (
			);
			dependencies = (
				31A076A01E57C8D900D82BD7 /* PBXTargetDependency */,
			);
			name = SwipeToRevealExampleTests;
			productName = SwipeToRevealExampleTests;
			productReference = 31A0768E1E57C48A00D82BD7 /* SwipeToRevealExampleTests.xctest */;
			productType = "com.apple.product-type.bundle.unit-test";
		};
/* End PBXNativeTarget section */

/* Begin PBXProject section */
		314A55821E48E1CC00DD410B /* Project object */ = {
			isa = PBXProject;
			attributes = {
				LastSwiftUpdateCheck = 0820;
				LastUpgradeCheck = 0820;
				ORGANIZATIONNAME = Darrarski;
				TargetAttributes = {
					314A55891E48E1CC00DD410B = {
						CreatedOnToolsVersion = 8.2.1;
						ProvisioningStyle = Manual;
					};
					31A0768D1E57C48A00D82BD7 = {
						CreatedOnToolsVersion = 8.2.1;
						ProvisioningStyle = Manual;
						TestTargetID = 314A55891E48E1CC00DD410B;
					};
				};
			};
			buildConfigurationList = 314A55851E48E1CC00DD410B /* Build configuration list for PBXProject "SwipeToReveal" */;
			compatibilityVersion = "Xcode 3.2";
			developmentRegion = English;
			hasScannedForEncodings = 0;
			knownRegions = (
				en,
				Base,
			);
			mainGroup = 314A55811E48E1CC00DD410B;
			productRefGroup = 314A558B1E48E1CC00DD410B /* Products */;
			projectDirPath = "";
			projectRoot = "";
			targets = (
				314A55891E48E1CC00DD410B /* SwipeToRevealExample */,
				31A0768D1E57C48A00D82BD7 /* SwipeToRevealExampleTests */,
			);
		};
/* End PBXProject section */

/* Begin PBXResourcesBuildPhase section */
		314A55881E48E1CC00DD410B /* Resources */ = {
			isa = PBXResourcesBuildPhase;
			buildActionMask = 2147483647;
			files = (
				314A55981E48E1CC00DD410B /* LaunchScreen.storyboard in Resources */,
				314A55951E48E1CC00DD410B /* Assets.xcassets in Resources */,
			);
			runOnlyForDeploymentPostprocessing = 0;
		};
		31A0768C1E57C48A00D82BD7 /* Resources */ = {
			isa = PBXResourcesBuildPhase;
			buildActionMask = 2147483647;
			files = (
			);
			runOnlyForDeploymentPostprocessing = 0;
		};
/* End PBXResourcesBuildPhase section */

/* Begin PBXShellScriptBuildPhase section */
		0F88EC1106ADB641B578B551 /* [CP] Copy Pods Resources */ = {
			isa = PBXShellScriptBuildPhase;
			buildActionMask = 2147483647;
			files = (
			);
			inputPaths = (
			);
			name = "[CP] Copy Pods Resources";
			outputPaths = (
			);
			runOnlyForDeploymentPostprocessing = 0;
			shellPath = /bin/sh;
			shellScript = "\"${SRCROOT}/Pods/Target Support Files/Pods-SwipeToRevealExample/Pods-SwipeToRevealExample-resources.sh\"\n";
			showEnvVarsInLog = 0;
		};
		2C205B5580F89473F535612E /* [CP] Embed Pods Frameworks */ = {
			isa = PBXShellScriptBuildPhase;
			buildActionMask = 2147483647;
			files = (
			);
			inputPaths = (
			);
			name = "[CP] Embed Pods Frameworks";
			outputPaths = (
			);
			runOnlyForDeploymentPostprocessing = 0;
			shellPath = /bin/sh;
			shellScript = "\"${SRCROOT}/Pods/Target Support Files/Pods-SwipeToRevealExampleTests/Pods-SwipeToRevealExampleTests-frameworks.sh\"\n";
			showEnvVarsInLog = 0;
		};
		318C5D7F1E49258900F41A97 /* SwiftLint */ = {
			isa = PBXShellScriptBuildPhase;
			buildActionMask = 2147483647;
			files = (
			);
			inputPaths = (
			);
			name = SwiftLint;
			outputPaths = (
			);
			runOnlyForDeploymentPostprocessing = 0;
			shellPath = /bin/sh;
			shellScript = "${PODS_ROOT}/SwiftLint/swiftlint";
		};
		99A4A0FB20A5163EC2AC6A82 /* [CP] Check Pods Manifest.lock */ = {
			isa = PBXShellScriptBuildPhase;
			buildActionMask = 2147483647;
			files = (
			);
			inputPaths = (
			);
			name = "[CP] Check Pods Manifest.lock";
			outputPaths = (
			);
			runOnlyForDeploymentPostprocessing = 0;
			shellPath = /bin/sh;
			shellScript = "diff \"${PODS_ROOT}/../Podfile.lock\" \"${PODS_ROOT}/Manifest.lock\" > /dev/null\nif [ $? != 0 ] ; then\n    # print error to STDERR\n    echo \"error: The sandbox is not in sync with the Podfile.lock. Run 'pod install' or update your CocoaPods installation.\" >&2\n    exit 1\nfi\n";
			showEnvVarsInLog = 0;
		};
		AA4CD1C2AB847AF1BB96EF69 /* [CP] Check Pods Manifest.lock */ = {
			isa = PBXShellScriptBuildPhase;
			buildActionMask = 2147483647;
			files = (
			);
			inputPaths = (
			);
			name = "[CP] Check Pods Manifest.lock";
			outputPaths = (
			);
			runOnlyForDeploymentPostprocessing = 0;
			shellPath = /bin/sh;
			shellScript = "diff \"${PODS_ROOT}/../Podfile.lock\" \"${PODS_ROOT}/Manifest.lock\" > /dev/null\nif [ $? != 0 ] ; then\n    # print error to STDERR\n    echo \"error: The sandbox is not in sync with the Podfile.lock. Run 'pod install' or update your CocoaPods installation.\" >&2\n    exit 1\nfi\n";
			showEnvVarsInLog = 0;
		};
		C262E636F62C6644F88B968D /* [CP] Embed Pods Frameworks */ = {
			isa = PBXShellScriptBuildPhase;
			buildActionMask = 2147483647;
			files = (
			);
			inputPaths = (
			);
			name = "[CP] Embed Pods Frameworks";
			outputPaths = (
			);
			runOnlyForDeploymentPostprocessing = 0;
			shellPath = /bin/sh;
			shellScript = "\"${SRCROOT}/Pods/Target Support Files/Pods-SwipeToRevealExample/Pods-SwipeToRevealExample-frameworks.sh\"\n";
			showEnvVarsInLog = 0;
		};
		EF924DFD64A744014DBA68DD /* [CP] Copy Pods Resources */ = {
			isa = PBXShellScriptBuildPhase;
			buildActionMask = 2147483647;
			files = (
			);
			inputPaths = (
			);
			name = "[CP] Copy Pods Resources";
			outputPaths = (
			);
			runOnlyForDeploymentPostprocessing = 0;
			shellPath = /bin/sh;
			shellScript = "\"${SRCROOT}/Pods/Target Support Files/Pods-SwipeToRevealExampleTests/Pods-SwipeToRevealExampleTests-resources.sh\"\n";
			showEnvVarsInLog = 0;
		};
/* End PBXShellScriptBuildPhase section */

/* Begin PBXSourcesBuildPhase section */
		314A55861E48E1CC00DD410B /* Sources */ = {
			isa = PBXSourcesBuildPhase;
			buildActionMask = 2147483647;
			files = (
				314A55901E48E1CC00DD410B /* TableViewExampleController.swift in Sources */,
				31A076891E57C33B00D82BD7 /* Container_AppDelegateAssembly.swift in Sources */,
				314A558E1E48E1CC00DD410B /* AppDelegate.swift in Sources */,
				31A076871E57C31500D82BD7 /* AppDelegateAssembly.swift in Sources */,
				31A076AF1E57D28000D82BD7 /* MenuViewController.swift in Sources */,
				31A076AA1E57CEB200D82BD7 /* Container_TableViewExampleAssembly.swift in Sources */,
				31A076B11E57D29000D82BD7 /* Container_MenuAssembly.swift in Sources */,
				31A076851E57C2FB00D82BD7 /* Container.swift in Sources */,
				31A076AD1E57D27700D82BD7 /* MenuAssembly.swift in Sources */,
				31A076A81E57CEA400D82BD7 /* TableViewExampleAssembly.swift in Sources */,
				314A55A31E48E8BA00DD410B /* TableViewExampleCell.swift in Sources */,
				314A55A61E48EA8D00DD410B /* SwipeToRevealView.swift in Sources */,
			);
			runOnlyForDeploymentPostprocessing = 0;
		};
		31A0768A1E57C48A00D82BD7 /* Sources */ = {
			isa = PBXSourcesBuildPhase;
			buildActionMask = 2147483647;
			files = (
				31A076911E57C48A00D82BD7 /* SwipeToRevealExampleTests.swift in Sources */,
				31A076981E57C6E100D82BD7 /* AppDelegateSpec.swift in Sources */,
				31A076A31E57CD8A00D82BD7 /* WindowSpy.swift in Sources */,
			);
			runOnlyForDeploymentPostprocessing = 0;
		};
/* End PBXSourcesBuildPhase section */

/* Begin PBXTargetDependency section */
		31A076A01E57C8D900D82BD7 /* PBXTargetDependency */ = {
			isa = PBXTargetDependency;
			target = 314A55891E48E1CC00DD410B /* SwipeToRevealExample */;
			targetProxy = 31A0769F1E57C8D900D82BD7 /* PBXContainerItemProxy */;
		};
/* End PBXTargetDependency section */

/* Begin PBXVariantGroup section */
		314A55961E48E1CC00DD410B /* LaunchScreen.storyboard */ = {
			isa = PBXVariantGroup;
			children = (
				314A55971E48E1CC00DD410B /* Base */,
			);
			name = LaunchScreen.storyboard;
			path = .;
			sourceTree = "<group>";
		};
/* End PBXVariantGroup section */

/* Begin XCBuildConfiguration section */
		314A559A1E48E1CC00DD410B /* Debug */ = {
			isa = XCBuildConfiguration;
			buildSettings = {
				ALWAYS_SEARCH_USER_PATHS = NO;
				CLANG_ANALYZER_NONNULL = YES;
				CLANG_CXX_LANGUAGE_STANDARD = "gnu++0x";
				CLANG_CXX_LIBRARY = "libc++";
				CLANG_ENABLE_MODULES = YES;
				CLANG_ENABLE_OBJC_ARC = YES;
				CLANG_WARN_BOOL_CONVERSION = YES;
				CLANG_WARN_CONSTANT_CONVERSION = YES;
				CLANG_WARN_DIRECT_OBJC_ISA_USAGE = YES_ERROR;
				CLANG_WARN_DOCUMENTATION_COMMENTS = YES;
				CLANG_WARN_EMPTY_BODY = YES;
				CLANG_WARN_ENUM_CONVERSION = YES;
				CLANG_WARN_INFINITE_RECURSION = YES;
				CLANG_WARN_INT_CONVERSION = YES;
				CLANG_WARN_OBJC_ROOT_CLASS = YES_ERROR;
				CLANG_WARN_SUSPICIOUS_MOVE = YES;
				CLANG_WARN_UNREACHABLE_CODE = YES;
				CLANG_WARN__DUPLICATE_METHOD_MATCH = YES;
				"CODE_SIGN_IDENTITY[sdk=iphoneos*]" = "iPhone Developer";
				COPY_PHASE_STRIP = NO;
				DEBUG_INFORMATION_FORMAT = dwarf;
				ENABLE_STRICT_OBJC_MSGSEND = YES;
				ENABLE_TESTABILITY = YES;
				GCC_C_LANGUAGE_STANDARD = gnu99;
				GCC_DYNAMIC_NO_PIC = NO;
				GCC_NO_COMMON_BLOCKS = YES;
				GCC_OPTIMIZATION_LEVEL = 0;
				GCC_PREPROCESSOR_DEFINITIONS = (
					"DEBUG=1",
					"$(inherited)",
				);
				GCC_WARN_64_TO_32_BIT_CONVERSION = YES;
				GCC_WARN_ABOUT_RETURN_TYPE = YES_ERROR;
				GCC_WARN_UNDECLARED_SELECTOR = YES;
				GCC_WARN_UNINITIALIZED_AUTOS = YES_AGGRESSIVE;
				GCC_WARN_UNUSED_FUNCTION = YES;
				GCC_WARN_UNUSED_VARIABLE = YES;
				IPHONEOS_DEPLOYMENT_TARGET = 9.0;
				MTL_ENABLE_DEBUG_INFO = YES;
				ONLY_ACTIVE_ARCH = YES;
				OTHER_SWIFT_FLAGS = "-Onone -Xfrontend -debug-time-function-bodies";
				SDKROOT = iphoneos;
				SWIFT_ACTIVE_COMPILATION_CONDITIONS = DEBUG;
				SWIFT_OPTIMIZATION_LEVEL = "-Owholemodule";
			};
			name = Debug;
		};
		314A559B1E48E1CC00DD410B /* Release */ = {
			isa = XCBuildConfiguration;
			buildSettings = {
				ALWAYS_SEARCH_USER_PATHS = NO;
				CLANG_ANALYZER_NONNULL = YES;
				CLANG_CXX_LANGUAGE_STANDARD = "gnu++0x";
				CLANG_CXX_LIBRARY = "libc++";
				CLANG_ENABLE_MODULES = YES;
				CLANG_ENABLE_OBJC_ARC = YES;
				CLANG_WARN_BOOL_CONVERSION = YES;
				CLANG_WARN_CONSTANT_CONVERSION = YES;
				CLANG_WARN_DIRECT_OBJC_ISA_USAGE = YES_ERROR;
				CLANG_WARN_DOCUMENTATION_COMMENTS = YES;
				CLANG_WARN_EMPTY_BODY = YES;
				CLANG_WARN_ENUM_CONVERSION = YES;
				CLANG_WARN_INFINITE_RECURSION = YES;
				CLANG_WARN_INT_CONVERSION = YES;
				CLANG_WARN_OBJC_ROOT_CLASS = YES_ERROR;
				CLANG_WARN_SUSPICIOUS_MOVE = YES;
				CLANG_WARN_UNREACHABLE_CODE = YES;
				CLANG_WARN__DUPLICATE_METHOD_MATCH = YES;
				"CODE_SIGN_IDENTITY[sdk=iphoneos*]" = "iPhone Developer";
				COPY_PHASE_STRIP = NO;
				DEBUG_INFORMATION_FORMAT = "dwarf-with-dsym";
				ENABLE_NS_ASSERTIONS = NO;
				ENABLE_STRICT_OBJC_MSGSEND = YES;
				GCC_C_LANGUAGE_STANDARD = gnu99;
				GCC_NO_COMMON_BLOCKS = YES;
				GCC_WARN_64_TO_32_BIT_CONVERSION = YES;
				GCC_WARN_ABOUT_RETURN_TYPE = YES_ERROR;
				GCC_WARN_UNDECLARED_SELECTOR = YES;
				GCC_WARN_UNINITIALIZED_AUTOS = YES_AGGRESSIVE;
				GCC_WARN_UNUSED_FUNCTION = YES;
				GCC_WARN_UNUSED_VARIABLE = YES;
				IPHONEOS_DEPLOYMENT_TARGET = 9.0;
				MTL_ENABLE_DEBUG_INFO = NO;
				SDKROOT = iphoneos;
				SWIFT_OPTIMIZATION_LEVEL = "-Owholemodule";
				VALIDATE_PRODUCT = YES;
			};
			name = Release;
		};
		314A559D1E48E1CC00DD410B /* Debug */ = {
			isa = XCBuildConfiguration;
			baseConfigurationReference = 965BBCD85442586E700FFB28 /* Pods-SwipeToRevealExample.debug.xcconfig */;
			buildSettings = {
				ASSETCATALOG_COMPILER_APPICON_NAME = AppIcon;
				DEVELOPMENT_TEAM = "";
				INFOPLIST_FILE = Example/Application/Info.plist;
				LD_RUNPATH_SEARCH_PATHS = "$(inherited) @executable_path/Frameworks";
				PRODUCT_BUNDLE_IDENTIFIER = pl.darrarski.SwipeToRevealExample;
				PRODUCT_NAME = "$(TARGET_NAME)";
				SWIFT_VERSION = 3.0;
			};
			name = Debug;
		};
		314A559E1E48E1CC00DD410B /* Release */ = {
			isa = XCBuildConfiguration;
			baseConfigurationReference = 1EBACFF15A65C0ED772D25B3 /* Pods-SwipeToRevealExample.release.xcconfig */;
			buildSettings = {
				ASSETCATALOG_COMPILER_APPICON_NAME = AppIcon;
				DEVELOPMENT_TEAM = "";
				INFOPLIST_FILE = Example/Application/Info.plist;
				LD_RUNPATH_SEARCH_PATHS = "$(inherited) @executable_path/Frameworks";
				PRODUCT_BUNDLE_IDENTIFIER = pl.darrarski.SwipeToRevealExample;
				PRODUCT_NAME = "$(TARGET_NAME)";
				SWIFT_VERSION = 3.0;
			};
			name = Release;
		};
		31A076941E57C48A00D82BD7 /* Debug */ = {
			isa = XCBuildConfiguration;
			baseConfigurationReference = 5B4979947EEC3481468A09BD /* Pods-SwipeToRevealExampleTests.debug.xcconfig */;
			buildSettings = {
				BUNDLE_LOADER = "$(TEST_HOST)";
				DEVELOPMENT_TEAM = "";
				INFOPLIST_FILE = ExampleTests/Info.plist;
				LD_RUNPATH_SEARCH_PATHS = "$(inherited) @executable_path/Frameworks @loader_path/Frameworks";
				PRODUCT_BUNDLE_IDENTIFIER = pl.darrarski.SwipeToRevealExampleTests;
				PRODUCT_NAME = "$(TARGET_NAME)";
				SWIFT_VERSION = 3.0;
				TEST_HOST = "$(BUILT_PRODUCTS_DIR)/SwipeToRevealExample.app/SwipeToRevealExample";
			};
			name = Debug;
		};
		31A076951E57C48A00D82BD7 /* Release */ = {
			isa = XCBuildConfiguration;
			baseConfigurationReference = F736ACAA48911E20D6BD4B89 /* Pods-SwipeToRevealExampleTests.release.xcconfig */;
			buildSettings = {
				BUNDLE_LOADER = "$(TEST_HOST)";
				DEVELOPMENT_TEAM = "";
				INFOPLIST_FILE = ExampleTests/Info.plist;
				LD_RUNPATH_SEARCH_PATHS = "$(inherited) @executable_path/Frameworks @loader_path/Frameworks";
				PRODUCT_BUNDLE_IDENTIFIER = pl.darrarski.SwipeToRevealExampleTests;
				PRODUCT_NAME = "$(TARGET_NAME)";
				SWIFT_VERSION = 3.0;
				TEST_HOST = "$(BUILT_PRODUCTS_DIR)/SwipeToRevealExample.app/SwipeToRevealExample";
			};
			name = Release;
		};
/* End XCBuildConfiguration section */

/* Begin XCConfigurationList section */
		314A55851E48E1CC00DD410B /* Build configuration list for PBXProject "SwipeToReveal" */ = {
			isa = XCConfigurationList;
			buildConfigurations = (
				314A559A1E48E1CC00DD410B /* Debug */,
				314A559B1E48E1CC00DD410B /* Release */,
			);
			defaultConfigurationIsVisible = 0;
			defaultConfigurationName = Release;
		};
		314A559C1E48E1CC00DD410B /* Build configuration list for PBXNativeTarget "SwipeToRevealExample" */ = {
			isa = XCConfigurationList;
			buildConfigurations = (
				314A559D1E48E1CC00DD410B /* Debug */,
				314A559E1E48E1CC00DD410B /* Release */,
			);
			defaultConfigurationIsVisible = 0;
			defaultConfigurationName = Release;
		};
		31A076931E57C48A00D82BD7 /* Build configuration list for PBXNativeTarget "SwipeToRevealExampleTests" */ = {
			isa = XCConfigurationList;
			buildConfigurations = (
				31A076941E57C48A00D82BD7 /* Debug */,
				31A076951E57C48A00D82BD7 /* Release */,
			);
			defaultConfigurationIsVisible = 0;
			defaultConfigurationName = Release;
		};
/* End XCConfigurationList section */
	};
	rootObject = 314A55821E48E1CC00DD410B /* Project object */;
}
